
Microsoft Visual Studio Solution File, Format Version 12.00
# Visual Studio Version 17
VisualStudioVersion = 17.11.35303.130
MinimumVisualStudioVersion = 10.0.40219.1
Project("{FAE04EC0-301F-11D3-BF4B-00C04F79EFBC}") = "datos", "datos\datos.csproj", "{084DCE28-422B-4BDE-9106-B793D69DF83E}"
EndProject
Project("{FAE04EC0-301F-11D3-BF4B-00C04F79EFBC}") = "negocio", "negocio\negocio.csproj", "{77066E2C-8DF4-4FDD-A054-320B90E24BF6}"
EndProject
Project("{FAE04EC0-301F-11D3-BF4B-00C04F79EFBC}") = "vista", "vista\vista.csproj", "{EF8ADB9C-8381-4647-ACB3-7BF4EB24A83E}"
EndProject
Global
	GlobalSection(SolutionConfigurationPlatforms) = preSolution
		Debug|Any CPU = Debug|Any CPU
		Release|Any CPU = Release|Any CPU
	EndGlobalSection
	GlobalSection(ProjectConfigurationPlatforms) = postSolution
		{084DCE28-422B-4BDE-9106-B793D69DF83E}.Debug|Any CPU.ActiveCfg = Debug|Any CPU
		{084DCE28-422B-4BDE-9106-B793D69DF83E}.Debug|Any CPU.Build.0 = Debug|Any CPU
		{084DCE28-422B-4BDE-9106-B793D69DF83E}.Release|Any CPU.ActiveCfg = Release|Any CPU
		{084DCE28-422B-4BDE-9106-B793D69DF83E}.Release|Any CPU.Build.0 = Release|Any CPU
		{77066E2C-8DF4-4FDD-A054-320B90E24BF6}.Debug|Any CPU.ActiveCfg = Debug|Any CPU
		{77066E2C-8DF4-4FDD-A054-320B90E24BF6}.Debug|Any CPU.Build.0 = Debug|Any CPU
		{77066E2C-8DF4-4FDD-A054-320B90E24BF6}.Release|Any CPU.ActiveCfg = Release|Any CPU
		{77066E2C-8DF4-4FDD-A054-320B90E24BF6}.Release|Any CPU.Build.0 = Release|Any CPU
		{EF8ADB9C-8381-4647-ACB3-7BF4EB24A83E}.Debug|Any CPU.ActiveCfg = Debug|Any CPU
		{EF8ADB9C-8381-4647-ACB3-7BF4EB24A83E}.Debug|Any CPU.Build.0 = Debug|Any CPU
		{EF8ADB9C-8381-4647-ACB3-7BF4EB24A83E}.Release|Any CPU.ActiveCfg = Release|Any CPU
		{EF8ADB9C-8381-4647-ACB3-7BF4EB24A83E}.Release|Any CPU.Build.0 = Release|Any CPU
	EndGlobalSection
	GlobalSection(SolutionProperties) = preSolution
		HideSolutionNode = FALSE
	EndGlobalSection
	GlobalSection(ExtensibilityGlobals) = postSolution
		SolutionGuid = {8C56FCCB-597E-4D20-9A28-371367018213}
	EndGlobalSection
EndGlobal
